# This file is automatically @generated by Cargo.
# It is not intended for manual editing.
[[package]]
name = "embedded-hal"
version = "0.2.3"
source = "registry+https://github.com/rust-lang/crates.io-index"
checksum = "ee4908a155094da7723c2d60d617b820061e3b4efcc3d9e293d206a5a76c170b"
dependencies = [
 "nb",
 "void",
]

[[package]]
name = "lorawan-demo"
version = "0.1.0"
dependencies = [
 "embedded-hal",
]

[[package]]
name = "nb"
version = "0.1.2"
source = "registry+https://github.com/rust-lang/crates.io-index"
checksum = "b1411551beb3c11dedfb0a90a0fa256b47d28b9ec2cdff34c25a2fa59e45dbdc"

[[package]]
name = "void"
version = "1.0.2"
source = "registry+https://github.com/rust-lang/crates.io-index"
checksum = "6a02e4885ed3bc0f2de90ea6dd45ebcbb66dacffe03547fadbb0eeae2770887d"
